// !$*UTF8*$!
{
	archiveVersion = 1;
	classes = {
	};
	objectVersion = 46;
	objects = {

/* Begin PBXBuildFile section */
		012C7B4A1D05B7C000A2303E /* AppDelegate.swift in Sources */ = {isa = PBXBuildFile; fileRef = 012C7B491D05B7C000A2303E /* AppDelegate.swift */; };
		012C7B4C1D05B7C000A2303E /* ViewController.swift in Sources */ = {isa = PBXBuildFile; fileRef = 012C7B4B1D05B7C000A2303E /* ViewController.swift */; };
		012C7B4F1D05B7C000A2303E /* Main.storyboard in Resources */ = {isa = PBXBuildFile; fileRef = 012C7B4D1D05B7C000A2303E /* Main.storyboard */; };
		012C7B511D05B7C000A2303E /* Assets.xcassets in Resources */ = {isa = PBXBuildFile; fileRef = 012C7B501D05B7C000A2303E /* Assets.xcassets */; };
		012C7B541D05B7C000A2303E /* LaunchScreen.storyboard in Resources */ = {isa = PBXBuildFile; fileRef = 012C7B521D05B7C000A2303E /* LaunchScreen.storyboard */; };
/* End PBXBuildFile section */

/* Begin PBXFileReference section */
		012C7B461D05B7C000A2303E /* shopapp.app */ = {isa = PBXFileReference; explicitFileType = wrapper.application; includeInIndex = 0; path = shopapp.app; sourceTree = BUILT_PRODUCTS_DIR; };
		012C7B491D05B7C000A2303E /* AppDelegate.swift */ = {isa = PBXFileReference; lastKnownFileType = sourcecode.swift; path = AppDelegate.swift; sourceTree = "<group>"; };
		012C7B4B1D05B7C000A2303E /* ViewController.swift */ = {isa = PBXFileReference; lastKnownFileType = sourcecode.swift; path = ViewController.swift; sourceTree = "<group>"; };
		012C7B4E1D05B7C000A2303E /* Base */ = {isa = PBXFileReference; lastKnownFileType = file.storyboard; name = Base; path = Base.lproj/Main.storyboard; sourceTree = "<group>"; };
		012C7B501D05B7C000A2303E /* Assets.xcassets */ = {isa = PBXFileReference; lastKnownFileType = folder.assetcatalog; path = Assets.xcassets; sourceTree = "<group>"; };
		012C7B531D05B7C000A2303E /* Base */ = {isa = PBXFileReference; lastKnownFileType = file.storyboard; name = Base; path = Base.lproj/LaunchScreen.storyboard; sourceTree = "<group>"; };
		012C7B551D05B7C000A2303E /* Info.plist */ = {isa = PBXFileReference; lastKnownFileType = text.plist.xml; path = Info.plist; sourceTree = "<group>"; };
/* End PBXFileReference section */

/* Begin PBXFrameworksBuildPhase section */
		012C7B431D05B7C000A2303E /* Frameworks */ = {
			isa = PBXFrameworksBuildPhase;
			buildActionMask = 2147483647;
			files = (
			);
			runOnlyForDeploymentPostprocessing = 0;
		};
/* End PBXFrameworksBuildPhase section */

/* Begin PBXGroup section */
		012C7B3D1D05B7C000A2303E = {
			isa = PBXGroup;
			children = (
				012C7B481D05B7C000A2303E /* shopapp */,
				012C7B471D05B7C000A2303E /* Products */,
			);
			sourceTree = "<group>";
		};
		012C7B471D05B7C000A2303E /* Products */ = {
			isa = PBXGroup;
			children = (
				012C7B461D05B7C000A2303E /* shopapp.app */,
			);
			name = Products;
			sourceTree = "<group>";
		};
		012C7B481D05B7C000A2303E /* shopapp */ = {
			isa = PBXGroup;
			children = (
				012C7B491D05B7C000A2303E /* AppDelegate.swift */,
				012C7B4B1D05B7C000A2303E /* ViewController.swift */,
				012C7B4D1D05B7C000A2303E /* Main.storyboard */,
				012C7B501D05B7C000A2303E /* Assets.xcassets */,
				012C7B521D05B7C000A2303E /* LaunchScreen.storyboard */,
				012C7B551D05B7C000A2303E /* Info.plist */,
			);
			path = shopapp;
			sourceTree = "<group>";
		};
/* End PBXGroup section */

/* Begin PBXNativeTarget section */
		012C7B451D05B7C000A2303E /* shopapp */ = {
			isa = PBXNativeTarget;
			buildConfigurationList = 012C7B581D05B7C000A2303E /* Build configuration list for PBXNativeTarget "shopapp" */;
			buildPhases = (
				012C7B421D05B7C000A2303E /* Sources */,
				012C7B431D05B7C000A2303E /* Frameworks */,
				012C7B441D05B7C000A2303E /* Resources */,
			);
			buildRules = (
			);
			dependencies = (
			);
			name = shopapp;
			productName = shopapp;
			productReference = 012C7B461D05B7C000A2303E /* shopapp.app */;
			productType = "com.apple.product-type.application";
		};
/* End PBXNativeTarget section */

/* Begin PBXProject section */
		012C7B3E1D05B7C000A2303E /* Project object */ = {
			isa = PBXProject;
			attributes = {
				LastSwiftUpdateCheck = 0720;
				LastUpgradeCheck = 0720;
				ORGANIZATIONNAME = Codeators;
				TargetAttributes = {
					012C7B451D05B7C000A2303E = {
						CreatedOnToolsVersion = 7.2;
						DevelopmentTeam = LR37925QPM;
					};
				};
			};
			buildConfigurationList = 012C7B411D05B7C000A2303E /* Build configuration list for PBXProject "shopapp" */;
			compatibilityVersion = "Xcode 3.2";
			developmentRegion = English;
			hasScannedForEncodings = 0;
			knownRegions = (
				en,
				Base,
			);
			mainGroup = 012C7B3D1D05B7C000A2303E;
			productRefGroup = 012C7B471D05B7C000A2303E /* Products */;
			projectDirPath = "";
			projectRoot = "";
			targets = (
				012C7B451D05B7C000A2303E /* shopapp */,
			);
		};
/* End PBXProject section */

/* Begin PBXResourcesBuildPhase section */
		012C7B441D05B7C000A2303E /* Resources */ = {
			isa = PBXResourcesBuildPhase;
			buildActionMask = 2147483647;
			files = (
				012C7B541D05B7C000A2303E /* LaunchScreen.storyboard in Resources */,
				012C7B511D05B7C000A2303E /* Assets.xcassets in Resources */,
				012C7B4F1D05B7C000A2303E /* Main.storyboard in Resources */,
			);
			runOnlyForDeploymentPostprocessing = 0;
		};
/* End PBXResourcesBuildPhase section */

/* Begin PBXSourcesBuildPhase section */
		012C7B421D05B7C000A2303E /* Sources */ = {
			isa = PBXSourcesBuildPhase;
			buildActionMask = 2147483647;
			files = (
				012C7B4C1D05B7C000A2303E /* ViewController.swift in Sources */,
				012C7B4A1D05B7C000A2303E /* AppDelegate.swift in Sources */,
			);
			runOnlyForDeploymentPostprocessing = 0;
		};
/* End PBXSourcesBuildPhase section */

/* Begin PBXVariantGroup section */
		012C7B4D1D05B7C000A2303E /* Main.storyboard */ = {
			isa = PBXVariantGroup;
			children = (
				012C7B4E1D05B7C000A2303E /* Base */,
			);
			name = Main.storyboard;
			sourceTree = "<group>";
		};
		012C7B521D05B7C000A2303E /* LaunchScreen.storyboard */ = {
			isa = PBXVariantGroup;
			children = (
				012C7B531D05B7C000A2303E /* Base */,
			);
			name = LaunchScreen.storyboard;
			sourceTree = "<group>";
		};
/* End PBXVariantGroup section */

/* Begin XCBuildConfiguration section */
		012C7B561D05B7C000A2303E /* Debug */ = {
			isa = XCBuildConfiguration;
			buildSettings = {
				ALWAYS_SEARCH_USER_PATHS = NO;
				CLANG_CXX_LANGUAGE_STANDARD = "gnu++0x";
				CLANG_CXX_LIBRARY = "libc++";
				CLANG_ENABLE_MODULES = YES;
				CLANG_ENABLE_OBJC_ARC = YES;
				CLANG_WARN_BOOL_CONVERSION = YES;
				CLANG_WARN_CONSTANT_CONVERSION = YES;
				CLANG_WARN_DIRECT_OBJC_ISA_USAGE = YES_ERROR;
				CLANG_WARN_EMPTY_BODY = YES;
				CLANG_WARN_ENUM_CONVERSION = YES;
				CLANG_WARN_INT_CONVERSION = YES;
				CLANG_WARN_OBJC_ROOT_CLASS = YES_ERROR;
				CLANG_WARN_UNREACHABLE_CODE = YES;
				CLANG_WARN__DUPLICATE_METHOD_MATCH = YES;
				"CODE_SIGN_IDENTITY[sdk=iphoneos*]" = "iPhone Developer";
				COPY_PHASE_STRIP = NO;
				DEBUG_INFORMATION_FORMAT = dwarf;
				ENABLE_STRICT_OBJC_MSGSEND = YES;
				ENABLE_TESTABILITY = YES;
				GCC_C_LANGUAGE_STANDARD = gnu99;
				GCC_DYNAMIC_NO_PIC = NO;
				GCC_NO_COMMON_BLOCKS = YES;
				GCC_OPTIMIZATION_LEVEL = 0;
				GCC_PREPROCESSOR_DEFINITIONS = (
					"DEBUG=1",
					"$(inherited)",
				);
				GCC_WARN_64_TO_32_BIT_CONVERSION = YES;
				GCC_WARN_ABOUT_RETURN_TYPE = YES_ERROR;
				GCC_WARN_UNDECLARED_SELECTOR = YES;
				GCC_WARN_UNINITIALIZED_AUTOS = YES_AGGRESSIVE;
				GCC_WARN_UNUSED_FUNCTION = YES;
				GCC_WARN_UNUSED_VARIABLE = YES;
				IPHONEOS_DEPLOYMENT_TARGET = 9.2;
				MTL_ENABLE_DEBUG_INFO = YES;
				ONLY_ACTIVE_ARCH = YES;
				SDKROOT = iphoneos;
				SWIFT_OPTIMIZATION_LEVEL = "-Onone";
			};
			name = Debug;
		};
		012C7B571D05B7C000A2303E /* Release */ = {
			isa = XCBuildConfiguration;
			buildSettings = {
				ALWAYS_SEARCH_USER_PATHS = NO;
				CLANG_CXX_LANGUAGE_STANDARD = "gnu++0x";
				CLANG_CXX_LIBRARY = "libc++";
				CLANG_ENABLE_MODULES = YES;
				CLANG_ENABLE_OBJC_ARC = YES;
				CLANG_WARN_BOOL_CONVERSION = YES;
				CLANG_WARN_CONSTANT_CONVERSION = YES;
				CLANG_WARN_DIRECT_OBJC_ISA_USAGE = YES_ERROR;
				CLANG_WARN_EMPTY_BODY = YES;
				CLANG_WARN_ENUM_CONVERSION = YES;
				CLANG_WARN_INT_CONVERSION = YES;
				CLANG_WARN_OBJC_ROOT_CLASS = YES_ERROR;
				CLANG_WARN_UNREACHABLE_CODE = YES;
				CLANG_WARN__DUPLICATE_METHOD_MATCH = YES;
				"CODE_SIGN_IDENTITY[sdk=iphoneos*]" = "iPhone Developer";
				COPY_PHASE_STRIP = NO;
				DEBUG_INFORMATION_FORMAT = "dwarf-with-dsym";
				ENABLE_NS_ASSERTIONS = NO;
				ENABLE_STRICT_OBJC_MSGSEND = YES;
				GCC_C_LANGUAGE_STANDARD = gnu99;
				GCC_NO_COMMON_BLOCKS = YES;
				GCC_WARN_64_TO_32_BIT_CONVERSION = YES;
				GCC_WARN_ABOUT_RETURN_TYPE = YES_ERROR;
				GCC_WARN_UNDECLARED_SELECTOR = YES;
				GCC_WARN_UNINITIALIZED_AUTOS = YES_AGGRESSIVE;
				GCC_WARN_UNUSED_FUNCTION = YES;
				GCC_WARN_UNUSED_VARIABLE = YES;
				IPHONEOS_DEPLOYMENT_TARGET = 9.2;
				MTL_ENABLE_DEBUG_INFO = NO;
				SDKROOT = iphoneos;
				VALIDATE_PRODUCT = YES;
			};
			name = Release;
		};
		012C7B591D05B7C000A2303E /* Debug */ = {
			isa = XCBuildConfiguration;
			buildSettings = {
				ASSETCATALOG_COMPILER_APPICON_NAME = AppIcon;
				INFOPLIST_FILE = shopapp/Info.plist;
				LD_RUNPATH_SEARCH_PATHS = "$(inherited) @executable_path/Frameworks";
				PRODUCT_BUNDLE_IDENTIFIER = com.codeators.shopapp;
				PRODUCT_NAME = "$(TARGET_NAME)";
			};
			name = Debug;
		};
		012C7B5A1D05B7C000A2303E /* Release */ = {
			isa = XCBuildConfiguration;
			buildSettings = {
				ASSETCATALOG_COMPILER_APPICON_NAME = AppIcon;
				INFOPLIST_FILE = shopapp/Info.plist;
				LD_RUNPATH_SEARCH_PATHS = "$(inherited) @executable_path/Frameworks";
				PRODUCT_BUNDLE_IDENTIFIER = com.codeators.shopapp;
				PRODUCT_NAME = "$(TARGET_NAME)";
			};
			name = Release;
		};
/* End XCBuildConfiguration section */

/* Begin XCConfigurationList section */
		012C7B411D05B7C000A2303E /* Build configuration list for PBXProject "shopapp" */ = {
			isa = XCConfigurationList;
			buildConfigurations = (
				012C7B561D05B7C000A2303E /* Debug */,
				012C7B571D05B7C000A2303E /* Release */,
			);
			defaultConfigurationIsVisible = 0;
			defaultConfigurationName = Release;
		};
		012C7B581D05B7C000A2303E /* Build configuration list for PBXNativeTarget "shopapp" */ = {
			isa = XCConfigurationList;
			buildConfigurations = (
				012C7B591D05B7C000A2303E /* Debug */,
				012C7B5A1D05B7C000A2303E /* Release */,
			);
			defaultConfigurationIsVisible = 0;
		};
/* End XCConfigurationList section */
	};
	rootObject = 012C7B3E1D05B7C000A2303E /* Project object */;
}
